
Microsoft Visual Studio Solution File, Format Version 12.00
# Visual Studio 14
VisualStudioVersion = 14.0.25420.1
MinimumVisualStudioVersion = 10.0.40219.1
Project("{FAE04EC0-301F-11D3-BF4B-00C04F79EFBC}") = "MyMojo.AspNet.Identity.MongoDb", "MyMojo.AspNet.Identity.MongoDb\MyMojo.AspNet.Identity.MongoDb.csproj", "{B214314F-FBE1-4778-9569-3911A4B0C452}"
EndProject
Global
	GlobalSection(SolutionConfigurationPlatforms) = preSolution
		Debug|Any CPU = Debug|Any CPU
		Nuget|Any CPU = Nuget|Any CPU
		Release|Any CPU = Release|Any CPU
	EndGlobalSection
	GlobalSection(ProjectConfigurationPlatforms) = postSolution
		{B214314F-FBE1-4778-9569-3911A4B0C452}.Debug|Any CPU.ActiveCfg = Debug|Any CPU
		{B214314F-FBE1-4778-9569-3911A4B0C452}.Debug|Any CPU.Build.0 = Debug|Any CPU
		{B214314F-FBE1-4778-9569-3911A4B0C452}.Nuget|Any CPU.ActiveCfg = Nuget|Any CPU
		{B214314F-FBE1-4778-9569-3911A4B0C452}.Nuget|Any CPU.Build.0 = Nuget|Any CPU
		{B214314F-FBE1-4778-9569-3911A4B0C452}.Release|Any CPU.ActiveCfg = Release|Any CPU
		{B214314F-FBE1-4778-9569-3911A4B0C452}.Release|Any CPU.Build.0 = Release|Any CPU
	EndGlobalSection
	GlobalSection(SolutionProperties) = preSolution
		HideSolutionNode = FALSE
	EndGlobalSection
EndGlobal
